
Microsoft Visual Studio Solution File, Format Version 12.00
# Visual Studio 2013
VisualStudioVersion = 12.0.31101.0
MinimumVisualStudioVersion = 10.0.40219.1
Project("{8BC9CEB8-8B4A-11D0-8D11-00A0C91BC942}") = "Practice2", "Practice2\Practice2.vcxproj", "{678292E6-8033-4189-9380-DF782F8F9F8A}"
EndProject
Global
	GlobalSection(SolutionConfigurationPlatforms) = preSolution
		Debug|Win32 = Debug|Win32
		Release|Win32 = Release|Win32
	EndGlobalSection
	GlobalSection(ProjectConfigurationPlatforms) = postSolution
		{678292E6-8033-4189-9380-DF782F8F9F8A}.Debug|Win32.ActiveCfg = Debug|Win32
		{678292E6-8033-4189-9380-DF782F8F9F8A}.Debug|Win32.Build.0 = Debug|Win32
		{678292E6-8033-4189-9380-DF782F8F9F8A}.Release|Win32.ActiveCfg = Release|Win32
		{678292E6-8033-4189-9380-DF782F8F9F8A}.Release|Win32.Build.0 = Release|Win32
	EndGlobalSection
	GlobalSection(SolutionProperties) = preSolution
		HideSolutionNode = FALSE
	EndGlobalSection
EndGlobal
