
Microsoft Visual Studio Solution File, Format Version 12.00
# Visual Studio 15
VisualStudioVersion = 15.0.26228.9
MinimumVisualStudioVersion = 10.0.40219.1
Project("{FAE04EC0-301F-11D3-BF4B-00C04F79EFBC}") = "WebApplicationMapReduce", "WebApplicationMapReduce\WebApplicationMapReduce.csproj", "{672CF27E-53B4-4717-AF14-A047652ADD3C}"
EndProject
Global
	GlobalSection(SolutionConfigurationPlatforms) = preSolution
		Debug|Any CPU = Debug|Any CPU
		Release|Any CPU = Release|Any CPU
	EndGlobalSection
	GlobalSection(ProjectConfigurationPlatforms) = postSolution
		{672CF27E-53B4-4717-AF14-A047652ADD3C}.Debug|Any CPU.ActiveCfg = Debug|Any CPU
		{672CF27E-53B4-4717-AF14-A047652ADD3C}.Debug|Any CPU.Build.0 = Debug|Any CPU
		{672CF27E-53B4-4717-AF14-A047652ADD3C}.Release|Any CPU.ActiveCfg = Release|Any CPU
		{672CF27E-53B4-4717-AF14-A047652ADD3C}.Release|Any CPU.Build.0 = Release|Any CPU
	EndGlobalSection
	GlobalSection(SolutionProperties) = preSolution
		HideSolutionNode = FALSE
	EndGlobalSection
EndGlobal
